
Microsoft Visual Studio Solution File, Format Version 12.00
# Visual Studio Version 17
VisualStudioVersion = 17.13.35931.197
MinimumVisualStudioVersion = 10.0.40219.1
Project("{FAE04EC0-301F-11D3-BF4B-00C04F79EFBC}") = "Karya.API", "Karya.API\Karya.API.csproj", "{5B01F8F1-FC57-425F-AA6F-1AFD21767644}"
EndProject
Project("{FAE04EC0-301F-11D3-BF4B-00C04F79EFBC}") = "Karya.Application", "Karya.Application\Karya.Application.csproj", "{6898744E-734B-4857-A09D-81207E602A4B}"
EndProject
Project("{FAE04EC0-301F-11D3-BF4B-00C04F79EFBC}") = "Karya.Domain", "Karya.Domain\Karya.Domain.csproj", "{ECC6B11B-AFD2-441F-A624-DBFD0F59FE22}"
EndProject
Project("{FAE04EC0-301F-11D3-BF4B-00C04F79EFBC}") = "Karya.Infrastructure", "Karya.Infrastructure\Karya.Infrastructure.csproj", "{43FE0D2C-32F2-42C7-98F6-F0B235E846CD}"
EndProject
Project("{FAE04EC0-301F-11D3-BF4B-00C04F79EFBC}") = "Karya.Persistence", "Karya.Persistence\Karya.Persistence.csproj", "{13F5BE7A-1F46-44C8-BCA8-75FBF5185FB1}"
EndProject
Global
	GlobalSection(SolutionConfigurationPlatforms) = preSolution
		Debug|Any CPU = Debug|Any CPU
		Release|Any CPU = Release|Any CPU
	EndGlobalSection
	GlobalSection(ProjectConfigurationPlatforms) = postSolution
		{5B01F8F1-FC57-425F-AA6F-1AFD21767644}.Debug|Any CPU.ActiveCfg = Debug|Any CPU
		{5B01F8F1-FC57-425F-AA6F-1AFD21767644}.Debug|Any CPU.Build.0 = Debug|Any CPU
		{5B01F8F1-FC57-425F-AA6F-1AFD21767644}.Release|Any CPU.ActiveCfg = Release|Any CPU
		{5B01F8F1-FC57-425F-AA6F-1AFD21767644}.Release|Any CPU.Build.0 = Release|Any CPU
		{6898744E-734B-4857-A09D-81207E602A4B}.Debug|Any CPU.ActiveCfg = Debug|Any CPU
		{6898744E-734B-4857-A09D-81207E602A4B}.Debug|Any CPU.Build.0 = Debug|Any CPU
		{6898744E-734B-4857-A09D-81207E602A4B}.Release|Any CPU.ActiveCfg = Release|Any CPU
		{6898744E-734B-4857-A09D-81207E602A4B}.Release|Any CPU.Build.0 = Release|Any CPU
		{ECC6B11B-AFD2-441F-A624-DBFD0F59FE22}.Debug|Any CPU.ActiveCfg = Debug|Any CPU
		{ECC6B11B-AFD2-441F-A624-DBFD0F59FE22}.Debug|Any CPU.Build.0 = Debug|Any CPU
		{ECC6B11B-AFD2-441F-A624-DBFD0F59FE22}.Release|Any CPU.ActiveCfg = Release|Any CPU
		{ECC6B11B-AFD2-441F-A624-DBFD0F59FE22}.Release|Any CPU.Build.0 = Release|Any CPU
		{43FE0D2C-32F2-42C7-98F6-F0B235E846CD}.Debug|Any CPU.ActiveCfg = Debug|Any CPU
		{43FE0D2C-32F2-42C7-98F6-F0B235E846CD}.Debug|Any CPU.Build.0 = Debug|Any CPU
		{43FE0D2C-32F2-42C7-98F6-F0B235E846CD}.Release|Any CPU.ActiveCfg = Release|Any CPU
		{43FE0D2C-32F2-42C7-98F6-F0B235E846CD}.Release|Any CPU.Build.0 = Release|Any CPU
		{13F5BE7A-1F46-44C8-BCA8-75FBF5185FB1}.Debug|Any CPU.ActiveCfg = Debug|Any CPU
		{13F5BE7A-1F46-44C8-BCA8-75FBF5185FB1}.Debug|Any CPU.Build.0 = Debug|Any CPU
		{13F5BE7A-1F46-44C8-BCA8-75FBF5185FB1}.Release|Any CPU.ActiveCfg = Release|Any CPU
		{13F5BE7A-1F46-44C8-BCA8-75FBF5185FB1}.Release|Any CPU.Build.0 = Release|Any CPU
	EndGlobalSection
	GlobalSection(SolutionProperties) = preSolution
		HideSolutionNode = FALSE
	EndGlobalSection
	GlobalSection(ExtensibilityGlobals) = postSolution
		SolutionGuid = {13E39583-5F60-466C-B12E-8C064544AD53}
	EndGlobalSection
EndGlobal
